<?xml version="1.0" encoding="UTF-8" standalone="yes" ?>
<CodeBlocks_project_file>
	<FileVersion major="1" minor="6" />
	<Project>
		<Option title="swexpertacademy" />
		<Option pch_mode="2" />
		<Option compiler="gcc" />
		<Build>
			<Target title="Debug">
				<Option output="bin/Debug/swexpertacademy" prefix_auto="1" extension_auto="1" />
				<Option object_output="obj/Debug/" />
				<Option type="1" />
				<Option compiler="gcc" />
				<Compiler>
					<Add option="-g" />
				</Compiler>
			</Target>
			<Target title="Release">
				<Option output="bin/Release/swexpertacademy" prefix_auto="1" extension_auto="1" />
				<Option object_output="obj/Release/" />
				<Option type="1" />
				<Option compiler="gcc" />
				<Compiler>
					<Add option="-O2" />
				</Compiler>
				<Linker>
					<Add option="-s" />
				</Linker>
			</Target>
		</Build>
		<Compiler>
			<Add option="-Wall" />
			<Add option="-fexceptions" />
		</Compiler>
		<Unit filename="big-small-same-2070.cpp" />
		<Unit filename="double-double-2019.cpp" />
		<Unit filename="get-average-value-2071.cpp" />
		<Unit filename="get-biggest-number-2068.cpp" />
		<Unit filename="main.cpp" />
		<Unit filename="n-line-add-2025.cpp" />
		<Unit filename="newspaper-headline-2047.cpp" />
		<Unit filename="odd-numbers-plus-2072.cpp" />
		<Unit filename="password-of-drawer-2043.cpp" />
		<Unit filename="print-dialog-line-2027.cpp" />
		<Unit filename="print-quotient-and-remainder-2029.cpp" />
		<Unit filename="print-upside-down-1545.cpp" />
		<Unit filename="rock-paper-scissors-1936.cpp" />
		<Unit filename="simple-divisor-of-n-1933.cpp" />
		<Unit filename="solutions.h" />
		<Unit filename="stamp-2046.cpp" />
		<Unit filename="sum-digits-2058.cpp" />
		<Unit filename="very-simple-calculator-1938.cpp" />
		<Extensions>
			<lib_finder disable_auto="1" />
		</Extensions>
	</Project>
</CodeBlocks_project_file>
