<?xml version="1.0" encoding="UTF-8" standalone="yes" ?>
<CodeBlocks_project_file>
	<FileVersion major="1" minor="6" />
	<Project>
		<Option title="baekjoon" />
		<Option pch_mode="2" />
		<Option compiler="gcc" />
		<Build>
			<Target title="Debug">
				<Option output="bin/Debug/baekjoon" prefix_auto="1" extension_auto="1" />
				<Option object_output="obj/Debug/" />
				<Option type="1" />
				<Option compiler="gcc" />
				<Compiler>
					<Add option="-g" />
				</Compiler>
			</Target>
			<Target title="Release">
				<Option output="bin/Release/baekjoon" prefix_auto="1" extension_auto="1" />
				<Option object_output="obj/Release/" />
				<Option type="1" />
				<Option compiler="gcc" />
				<Compiler>
					<Add option="-O2" />
				</Compiler>
				<Linker>
					<Add option="-s" />
				</Linker>
			</Target>
		</Build>
		<Compiler>
			<Add option="-Wall" />
			<Add option="-fexceptions" />
		</Compiler>
		<Unit filename="A+B-1000.cpp" />
		<Unit filename="A-B-1001.cpp" />
		<Unit filename="AxB-10998.cpp" />
		<Unit filename="A÷B-1008.cpp" />
		<Unit filename="alarm-clock-2884.cpp" />
		<Unit filename="cat-10171.cpp" />
		<Unit filename="compare-two-numbers-1330.cpp" />
		<Unit filename="dog-10172.cpp" />
		<Unit filename="exam-grades-9498.cpp" />
		<Unit filename="four-fundamental-arithmetic-operations-10869.cpp" />
		<Unit filename="hello-world-2557.cpp" />
		<Unit filename="leap-year-2753.cpp" />
		<Unit filename="main.cpp" />
		<Unit filename="multiplication-table-2739.cpp" />
		<Unit filename="multiply-2588.cpp" />
		<Unit filename="pick-quadrant-14681.cpp" />
		<Unit filename="rest-10430.cpp" />
		<Unit filename="solutions.h" />
		<Unit filename="we-love-kriii-10718.cpp" />
		<Extensions>
			<lib_finder disable_auto="1" />
		</Extensions>
	</Project>
</CodeBlocks_project_file>
